{
    "_meta": {
        "hash": {
            "sha256": "be953321071292b6175f231c7e2e835a3cd26169a0d52b7b781b344d65e8cce3"
        },
        "pipfile-spec": 6,
        "requires": {
            "python_version": "3.12"
        },
        "sources": [
            {
                "name": "pypi",
                "url": "https://pypi.org/simple",
                "verify_ssl": true
            }
        ]
    },
    "default": {
        "iniconfig": {
            "hashes": [
                "sha256:2d91e135bf72d31a410b17c16da610a82cb55f6b0477d1a902134b24a455b8b3",
                "sha256:b6a85871a79d2e3b22d2d1b94ac2824226a63c6b741c88f7ae975f18b6778374"
            ],
            "markers": "python_version >= '3.7'",
            "version": "==2.0.0"
        },
        "packaging": {
            "hashes": [
                "sha256:026ed72c8ed3fcce5bf8950572258698927fd1dbda10a5e981cdf0ac37f4f002",
                "sha256:5b8f2217dbdbd2f7f384c41c628544e6d52f2d0f53c6d0c3ea61aa5d1d7ff124"
            ],
            "markers": "python_version >= '3.8'",
            "version": "==24.1"
        },
        "pluggy": {
            "hashes": [
                "sha256:2cffa88e94fdc978c4c574f15f9e59b7f4201d439195c3715ca9e2486f1d0cf1",
                "sha256:44e1ad92c8ca002de6377e165f3e0f1be63266ab4d554740532335b9d75ea669"
            ],
            "markers": "python_version >= '3.8'",
            "version": "==1.5.0"
        },
        "py-cpuinfo": {
            "hashes": [
                "sha256:3cdbbf3fac90dc6f118bfd64384f309edeadd902d7c8fb17f02ffa1fc3f49690",
                "sha256:859625bc251f64e21f077d099d4162689c762b5d6a4c3c97553d56241c9674d5"
            ],
            "version": "==9.0.0"
        },
        "pytest": {
            "hashes": [
                "sha256:70b98107bd648308a7952b06e6ca9a50bc660be218d53c257cc1fc94fda10181",
                "sha256:a6853c7375b2663155079443d2e45de913a911a11d669df02a50814944db57b2"
            ],
            "markers": "python_version >= '3.8'",
            "version": "==8.3.3"
        },
        "pytest-benchmark": {
            "hashes": [
                "sha256:fb0785b83efe599a6a956361c0691ae1dbb5318018561af10f3e915caa0048d1",
                "sha256:fdb7db64e31c8b277dff9850d2a2556d8b60bcb0ea6524e36e28ffd7c87f71d6"
            ],
            "index": "pypi",
            "markers": "python_version >= '3.7'",
            "version": "==4.0.0"
        }
    },
    "develop": {}
}
