{
  "name": "action",
  "lockfileVersion": 2,
  "requires": true,
  "packages": {
    "": {
      "dependencies": {
        "@actions/core": "^1.10.0",
        "@actions/http-client": "^2.1.1",
        "@actions/tool-cache": "^2.0.1"
      },
      "devDependencies": {
        "@biomejs/biome": "1.3.1",
        "@tsconfig/node16": "^1.0.3",
        "@types/node": "^18.15.1",
        "@vercel/ncc": "^0.36.1",
        "typescript": "^5.2.2"
      }
    },
    "node_modules/@actions/core": {
      "version": "1.10.0",
      "resolved": "https://registry.npmjs.org/@actions/core/-/core-1.10.0.tgz",
      "integrity": "sha512-2aZDDa3zrrZbP5ZYg159sNoLRb61nQ7awl5pSvIq5Qpj81vwDzdMRKzkWJGJuwVvWpvZKx7vspJALyvaaIQyug==",
      "dependencies": {
        "@actions/http-client": "^2.0.1",
        "uuid": "^8.3.2"
      }
    },
    "node_modules/@actions/exec": {
      "version": "1.1.1",
      "resolved": "https://registry.npmjs.org/@actions/exec/-/exec-1.1.1.tgz",
      "integrity": "sha512-+sCcHHbVdk93a0XT19ECtO/gIXoxvdsgQLzb2fE2/5sIZmWQuluYyjPQtrtTHdU1YzTZ7bAPN4sITq2xi1679w==",
      "dependencies": {
        "@actions/io": "^1.0.1"
      }
    },
    "node_modules/@actions/http-client": {
      "version": "2.1.1",
      "resolved": "https://registry.npmjs.org/@actions/http-client/-/http-client-2.1.1.tgz",
      "integrity": "sha512-qhrkRMB40bbbLo7gF+0vu+X+UawOvQQqNAA/5Unx774RS8poaOhThDOG6BGmxvAnxhQnDp2BG/ZUm65xZILTpw==",
      "dependencies": {
        "tunnel": "^0.0.6"
      }
    },
    "node_modules/@actions/io": {
      "version": "1.1.2",
      "resolved": "https://registry.npmjs.org/@actions/io/-/io-1.1.2.tgz",
      "integrity": "sha512-d+RwPlMp+2qmBfeLYPLXuSRykDIFEwdTA0MMxzS9kh4kvP1ftrc/9fzy6pX6qAjthdXruHQ6/6kjT/DNo5ALuw=="
    },
    "node_modules/@actions/tool-cache": {
      "version": "2.0.1",
      "resolved": "https://registry.npmjs.org/@actions/tool-cache/-/tool-cache-2.0.1.tgz",
      "integrity": "sha512-iPU+mNwrbA8jodY8eyo/0S/QqCKDajiR8OxWTnSk/SnYg0sj8Hp4QcUEVC1YFpHWXtrfbQrE13Jz4k4HXJQKcA==",
      "dependencies": {
        "@actions/core": "^1.2.6",
        "@actions/exec": "^1.0.0",
        "@actions/http-client": "^2.0.1",
        "@actions/io": "^1.1.1",
        "semver": "^6.1.0",
        "uuid": "^3.3.2"
      }
    },
    "node_modules/@actions/tool-cache/node_modules/uuid": {
      "version": "3.4.0",
      "resolved": "https://registry.npmjs.org/uuid/-/uuid-3.4.0.tgz",
      "integrity": "sha512-HjSDRw6gZE5JMggctHBcjVak08+KEVhSIiDzFnT9S9aegmp85S/bReBVTb4QTFaRNptJ9kuYaNhnbNEOkbKb/A==",
      "deprecated": "Please upgrade  to version 7 or higher.  Older versions may use Math.random() in certain circumstances, which is known to be problematic.  See https://v8.dev/blog/math-random for details.",
      "bin": {
        "uuid": "bin/uuid"
      }
    },
    "node_modules/@biomejs/biome": {
      "version": "1.3.1",
      "resolved": "https://registry.npmjs.org/@biomejs/biome/-/biome-1.3.1.tgz",
      "integrity": "sha512-ufGCBj8ZNbF+vZDZscqvvLIGsh8M4BduQoJ1X3nm8c9Dupp8gzAKibZSWDLLcgnsAVeKEmWwY6r3Wv/JIa0LgA==",
      "dev": true,
      "hasInstallScript": true,
      "bin": {
        "biome": "bin/biome"
      },
      "engines": {
        "node": ">=14.*"
      },
      "funding": {
        "type": "opencollective",
        "url": "https://opencollective.com/biome"
      },
      "optionalDependencies": {
        "@biomejs/cli-darwin-arm64": "1.3.1",
        "@biomejs/cli-darwin-x64": "1.3.1",
        "@biomejs/cli-linux-arm64": "1.3.1",
        "@biomejs/cli-linux-x64": "1.3.1",
        "@biomejs/cli-win32-arm64": "1.3.1",
        "@biomejs/cli-win32-x64": "1.3.1"
      }
    },
    "node_modules/@biomejs/cli-darwin-arm64": {
      "version": "1.3.1",
      "resolved": "https://registry.npmjs.org/@biomejs/cli-darwin-arm64/-/cli-darwin-arm64-1.3.1.tgz",
      "integrity": "sha512-m3cBroQftLFYFh3to6RO4ooLqZsE2K9yf5xOlDjm6D4Vrgq85XFwDOxjjJyGGDjDPQ55xGunm80qmGr8jTjiyA==",
      "cpu": [
        "arm64"
      ],
      "dev": true,
      "optional": true,
      "os": [
        "darwin"
      ],
      "engines": {
        "node": ">=14.*"
      }
    },
    "node_modules/@biomejs/cli-darwin-x64": {
      "version": "1.3.1",
      "resolved": "https://registry.npmjs.org/@biomejs/cli-darwin-x64/-/cli-darwin-x64-1.3.1.tgz",
      "integrity": "sha512-i2yDivc/HHBRFJMoRUUPsFs9pKK0NnS/8tQg/uqNsAkLMF9OKZCCxtUJPmpUBHpdQ2f39An1cVpFmCIEv0uYJQ==",
      "cpu": [
        "x64"
      ],
      "dev": true,
      "optional": true,
      "os": [
        "darwin"
      ],
      "engines": {
        "node": ">=14.*"
      }
    },
    "node_modules/@biomejs/cli-linux-arm64": {
      "version": "1.3.1",
      "resolved": "https://registry.npmjs.org/@biomejs/cli-linux-arm64/-/cli-linux-arm64-1.3.1.tgz",
      "integrity": "sha512-H56MB7Mf59snzG+nLpfS2j3jXsJ+a6aQOBeRiT0rgn44FZ63yI9jWNIgN1+Xylsa8shmwtquOkoxLS/4KKt0Qg==",
      "cpu": [
        "arm64"
      ],
      "dev": true,
      "optional": true,
      "os": [
        "linux"
      ],
      "engines": {
        "node": ">=14.*"
      }
    },
    "node_modules/@biomejs/cli-linux-x64": {
      "version": "1.3.1",
      "resolved": "https://registry.npmjs.org/@biomejs/cli-linux-x64/-/cli-linux-x64-1.3.1.tgz",
      "integrity": "sha512-8ENayCpYXXC77a7AxDNjC+pPKMYteLzysxhkCCZ7Gd2sWtrH8iMM45JL8wQJhoHz5NT3+qgsfGafiNuxeVAVlg==",
      "cpu": [
        "x64"
      ],
      "dev": true,
      "optional": true,
      "os": [
        "linux"
      ],
      "engines": {
        "node": ">=14.*"
      }
    },
    "node_modules/@biomejs/cli-win32-arm64": {
      "version": "1.3.1",
      "resolved": "https://registry.npmjs.org/@biomejs/cli-win32-arm64/-/cli-win32-arm64-1.3.1.tgz",
      "integrity": "sha512-gAx/E949/1/jQDwG9nTspVtjikBI/y7RbbUwwBVABF1bcAUC63VhrHfKJRbM7VTXMlZ7n9YrxkyMww8vf40qcQ==",
      "cpu": [
        "arm64"
      ],
      "dev": true,
      "optional": true,
      "os": [
        "win32"
      ],
      "engines": {
        "node": ">=14.*"
      }
    },
    "node_modules/@biomejs/cli-win32-x64": {
      "version": "1.3.1",
      "resolved": "https://registry.npmjs.org/@biomejs/cli-win32-x64/-/cli-win32-x64-1.3.1.tgz",
      "integrity": "sha512-+08eKmEdVM7d4UxY/tff2aPXbeUNNp6wwH7v0FbrE+25mH9lhELgylEk4+k6OLXOcDT7KDAduzP2f9CuM/Aj9w==",
      "cpu": [
        "x64"
      ],
      "dev": true,
      "optional": true,
      "os": [
        "win32"
      ],
      "engines": {
        "node": ">=14.*"
      }
    },
    "node_modules/@tsconfig/node16": {
      "version": "1.0.3",
      "resolved": "https://registry.npmjs.org/@tsconfig/node16/-/node16-1.0.3.tgz",
      "integrity": "sha512-yOlFc+7UtL/89t2ZhjPvvB/DeAr3r+Dq58IgzsFkOAvVC6NMJXmCGjbptdXdR9qsX7pKcTL+s87FtYREi2dEEQ==",
      "dev": true
    },
    "node_modules/@types/node": {
      "version": "18.15.1",
      "resolved": "https://registry.npmjs.org/@types/node/-/node-18.15.1.tgz",
      "integrity": "sha512-U2TWca8AeHSmbpi314QBESRk7oPjSZjDsR+c+H4ECC1l+kFgpZf8Ydhv3SJpPy51VyZHHqxlb6mTTqYNNRVAIw==",
      "dev": true
    },
    "node_modules/@vercel/ncc": {
      "version": "0.36.1",
      "resolved": "https://registry.npmjs.org/@vercel/ncc/-/ncc-0.36.1.tgz",
      "integrity": "sha512-S4cL7Taa9yb5qbv+6wLgiKVZ03Qfkc4jGRuiUQMQ8HGBD5pcNRnHeYM33zBvJE4/zJGjJJ8GScB+WmTsn9mORw==",
      "dev": true,
      "bin": {
        "ncc": "dist/ncc/cli.js"
      }
    },
    "node_modules/semver": {
      "version": "6.3.1",
      "resolved": "https://registry.npmjs.org/semver/-/semver-6.3.1.tgz",
      "integrity": "sha512-BR7VvDCVHO+q2xBEWskxS6DJE1qRnb7DxzUrogb71CWoSficBxYsiAGd+Kl0mmq/MprG9yArRkyrQxTO6XjMzA==",
      "bin": {
        "semver": "bin/semver.js"
      }
    },
    "node_modules/tunnel": {
      "version": "0.0.6",
      "resolved": "https://registry.npmjs.org/tunnel/-/tunnel-0.0.6.tgz",
      "integrity": "sha512-1h/Lnq9yajKY2PEbBadPXj3VxsDDu844OnaAo52UVmIzIvwwtBPIuNvkjuzBlTWpfJyUbG3ez0KSBibQkj4ojg==",
      "engines": {
        "node": ">=0.6.11 <=0.7.0 || >=0.7.3"
      }
    },
    "node_modules/typescript": {
      "version": "5.2.2",
      "resolved": "https://registry.npmjs.org/typescript/-/typescript-5.2.2.tgz",
      "integrity": "sha512-mI4WrpHsbCIcwT9cF4FZvr80QUeKvsUsUvKDoR+X/7XHQH98xYD8YHZg7ANtz2GtZt/CBq2QJ0thkGJMHfqc1w==",
      "dev": true,
      "bin": {
        "tsc": "bin/tsc",
        "tsserver": "bin/tsserver"
      },
      "engines": {
        "node": ">=14.17"
      }
    },
    "node_modules/uuid": {
      "version": "8.3.2",
      "resolved": "https://registry.npmjs.org/uuid/-/uuid-8.3.2.tgz",
      "integrity": "sha512-+NYs2QeMWy+GWFOEm9xnn6HCDp0l7QBD7ml8zLUmJ+93Q5NF0NocErnwkTkXVFNiX3/fpC6afS8Dhb/gz7R7eg==",
      "bin": {
        "uuid": "dist/bin/uuid"
      }
    }
  },
  "dependencies": {
    "@actions/core": {
      "version": "1.10.0",
      "resolved": "https://registry.npmjs.org/@actions/core/-/core-1.10.0.tgz",
      "integrity": "sha512-2aZDDa3zrrZbP5ZYg159sNoLRb61nQ7awl5pSvIq5Qpj81vwDzdMRKzkWJGJuwVvWpvZKx7vspJALyvaaIQyug==",
      "requires": {
        "@actions/http-client": "^2.0.1",
        "uuid": "^8.3.2"
      }
    },
    "@actions/exec": {
      "version": "1.1.1",
      "resolved": "https://registry.npmjs.org/@actions/exec/-/exec-1.1.1.tgz",
      "integrity": "sha512-+sCcHHbVdk93a0XT19ECtO/gIXoxvdsgQLzb2fE2/5sIZmWQuluYyjPQtrtTHdU1YzTZ7bAPN4sITq2xi1679w==",
      "requires": {
        "@actions/io": "^1.0.1"
      }
    },
    "@actions/http-client": {
      "version": "2.1.1",
      "resolved": "https://registry.npmjs.org/@actions/http-client/-/http-client-2.1.1.tgz",
      "integrity": "sha512-qhrkRMB40bbbLo7gF+0vu+X+UawOvQQqNAA/5Unx774RS8poaOhThDOG6BGmxvAnxhQnDp2BG/ZUm65xZILTpw==",
      "requires": {
        "tunnel": "^0.0.6"
      }
    },
    "@actions/io": {
      "version": "1.1.2",
      "resolved": "https://registry.npmjs.org/@actions/io/-/io-1.1.2.tgz",
      "integrity": "sha512-d+RwPlMp+2qmBfeLYPLXuSRykDIFEwdTA0MMxzS9kh4kvP1ftrc/9fzy6pX6qAjthdXruHQ6/6kjT/DNo5ALuw=="
    },
    "@actions/tool-cache": {
      "version": "2.0.1",
      "resolved": "https://registry.npmjs.org/@actions/tool-cache/-/tool-cache-2.0.1.tgz",
      "integrity": "sha512-iPU+mNwrbA8jodY8eyo/0S/QqCKDajiR8OxWTnSk/SnYg0sj8Hp4QcUEVC1YFpHWXtrfbQrE13Jz4k4HXJQKcA==",
      "requires": {
        "@actions/core": "^1.2.6",
        "@actions/exec": "^1.0.0",
        "@actions/http-client": "^2.0.1",
        "@actions/io": "^1.1.1",
        "semver": "^6.1.0",
        "uuid": "^3.3.2"
      },
      "dependencies": {
        "uuid": {
          "version": "3.4.0",
          "resolved": "https://registry.npmjs.org/uuid/-/uuid-3.4.0.tgz",
          "integrity": "sha512-HjSDRw6gZE5JMggctHBcjVak08+KEVhSIiDzFnT9S9aegmp85S/bReBVTb4QTFaRNptJ9kuYaNhnbNEOkbKb/A=="
        }
      }
    },
    "@biomejs/biome": {
      "version": "1.3.1",
      "resolved": "https://registry.npmjs.org/@biomejs/biome/-/biome-1.3.1.tgz",
      "integrity": "sha512-ufGCBj8ZNbF+vZDZscqvvLIGsh8M4BduQoJ1X3nm8c9Dupp8gzAKibZSWDLLcgnsAVeKEmWwY6r3Wv/JIa0LgA==",
      "dev": true,
      "requires": {
        "@biomejs/cli-darwin-arm64": "1.3.1",
        "@biomejs/cli-darwin-x64": "1.3.1",
        "@biomejs/cli-linux-arm64": "1.3.1",
        "@biomejs/cli-linux-x64": "1.3.1",
        "@biomejs/cli-win32-arm64": "1.3.1",
        "@biomejs/cli-win32-x64": "1.3.1"
      }
    },
    "@biomejs/cli-darwin-arm64": {
      "version": "1.3.1",
      "resolved": "https://registry.npmjs.org/@biomejs/cli-darwin-arm64/-/cli-darwin-arm64-1.3.1.tgz",
      "integrity": "sha512-m3cBroQftLFYFh3to6RO4ooLqZsE2K9yf5xOlDjm6D4Vrgq85XFwDOxjjJyGGDjDPQ55xGunm80qmGr8jTjiyA==",
      "dev": true,
      "optional": true
    },
    "@biomejs/cli-darwin-x64": {
      "version": "1.3.1",
      "resolved": "https://registry.npmjs.org/@biomejs/cli-darwin-x64/-/cli-darwin-x64-1.3.1.tgz",
      "integrity": "sha512-i2yDivc/HHBRFJMoRUUPsFs9pKK0NnS/8tQg/uqNsAkLMF9OKZCCxtUJPmpUBHpdQ2f39An1cVpFmCIEv0uYJQ==",
      "dev": true,
      "optional": true
    },
    "@biomejs/cli-linux-arm64": {
      "version": "1.3.1",
      "resolved": "https://registry.npmjs.org/@biomejs/cli-linux-arm64/-/cli-linux-arm64-1.3.1.tgz",
      "integrity": "sha512-H56MB7Mf59snzG+nLpfS2j3jXsJ+a6aQOBeRiT0rgn44FZ63yI9jWNIgN1+Xylsa8shmwtquOkoxLS/4KKt0Qg==",
      "dev": true,
      "optional": true
    },
    "@biomejs/cli-linux-x64": {
      "version": "1.3.1",
      "resolved": "https://registry.npmjs.org/@biomejs/cli-linux-x64/-/cli-linux-x64-1.3.1.tgz",
      "integrity": "sha512-8ENayCpYXXC77a7AxDNjC+pPKMYteLzysxhkCCZ7Gd2sWtrH8iMM45JL8wQJhoHz5NT3+qgsfGafiNuxeVAVlg==",
      "dev": true,
      "optional": true
    },
    "@biomejs/cli-win32-arm64": {
      "version": "1.3.1",
      "resolved": "https://registry.npmjs.org/@biomejs/cli-win32-arm64/-/cli-win32-arm64-1.3.1.tgz",
      "integrity": "sha512-gAx/E949/1/jQDwG9nTspVtjikBI/y7RbbUwwBVABF1bcAUC63VhrHfKJRbM7VTXMlZ7n9YrxkyMww8vf40qcQ==",
      "dev": true,
      "optional": true
    },
    "@biomejs/cli-win32-x64": {
      "version": "1.3.1",
      "resolved": "https://registry.npmjs.org/@biomejs/cli-win32-x64/-/cli-win32-x64-1.3.1.tgz",
      "integrity": "sha512-+08eKmEdVM7d4UxY/tff2aPXbeUNNp6wwH7v0FbrE+25mH9lhELgylEk4+k6OLXOcDT7KDAduzP2f9CuM/Aj9w==",
      "dev": true,
      "optional": true
    },
    "@tsconfig/node16": {
      "version": "1.0.3",
      "resolved": "https://registry.npmjs.org/@tsconfig/node16/-/node16-1.0.3.tgz",
      "integrity": "sha512-yOlFc+7UtL/89t2ZhjPvvB/DeAr3r+Dq58IgzsFkOAvVC6NMJXmCGjbptdXdR9qsX7pKcTL+s87FtYREi2dEEQ==",
      "dev": true
    },
    "@types/node": {
      "version": "18.15.1",
      "resolved": "https://registry.npmjs.org/@types/node/-/node-18.15.1.tgz",
      "integrity": "sha512-U2TWca8AeHSmbpi314QBESRk7oPjSZjDsR+c+H4ECC1l+kFgpZf8Ydhv3SJpPy51VyZHHqxlb6mTTqYNNRVAIw==",
      "dev": true
    },
    "@vercel/ncc": {
      "version": "0.36.1",
      "resolved": "https://registry.npmjs.org/@vercel/ncc/-/ncc-0.36.1.tgz",
      "integrity": "sha512-S4cL7Taa9yb5qbv+6wLgiKVZ03Qfkc4jGRuiUQMQ8HGBD5pcNRnHeYM33zBvJE4/zJGjJJ8GScB+WmTsn9mORw==",
      "dev": true
    },
    "semver": {
      "version": "6.3.1",
      "resolved": "https://registry.npmjs.org/semver/-/semver-6.3.1.tgz",
      "integrity": "sha512-BR7VvDCVHO+q2xBEWskxS6DJE1qRnb7DxzUrogb71CWoSficBxYsiAGd+Kl0mmq/MprG9yArRkyrQxTO6XjMzA=="
    },
    "tunnel": {
      "version": "0.0.6",
      "resolved": "https://registry.npmjs.org/tunnel/-/tunnel-0.0.6.tgz",
      "integrity": "sha512-1h/Lnq9yajKY2PEbBadPXj3VxsDDu844OnaAo52UVmIzIvwwtBPIuNvkjuzBlTWpfJyUbG3ez0KSBibQkj4ojg=="
    },
    "typescript": {
      "version": "5.2.2",
      "resolved": "https://registry.npmjs.org/typescript/-/typescript-5.2.2.tgz",
      "integrity": "sha512-mI4WrpHsbCIcwT9cF4FZvr80QUeKvsUsUvKDoR+X/7XHQH98xYD8YHZg7ANtz2GtZt/CBq2QJ0thkGJMHfqc1w==",
      "dev": true
    },
    "uuid": {
      "version": "8.3.2",
      "resolved": "https://registry.npmjs.org/uuid/-/uuid-8.3.2.tgz",
      "integrity": "sha512-+NYs2QeMWy+GWFOEm9xnn6HCDp0l7QBD7ml8zLUmJ+93Q5NF0NocErnwkTkXVFNiX3/fpC6afS8Dhb/gz7R7eg=="
    }
  }
}
