# This file is automatically @generated by Cargo.
# It is not intended for manual editing.
version = 3

[[package]]
name = "iai"
version = "0.1.1"
source = "registry+https://github.com/rust-lang/crates.io-index"
checksum = "71a816c97c42258aa5834d07590b718b4c9a598944cd39a52dc25b351185d678"

[[package]]
name = "rust_iai"
version = "0.1.0"
dependencies = [
 "iai",
]
